
Microsoft Visual Studio Solution File, Format Version 12.00
# Visual Studio Version 17
VisualStudioVersion = 17.14.36511.14 d17.14
MinimumVisualStudioVersion = 10.0.40219.1
Project("{FAE04EC0-301F-11D3-BF4B-00C04F79EFBC}") = "befit", "befit\befit.csproj", "{C6CEFD8F-0D6B-473E-81C3-8B292375BDFA}"
EndProject
Global
	GlobalSection(SolutionConfigurationPlatforms) = preSolution
		Debug|Any CPU = Debug|Any CPU
		Release|Any CPU = Release|Any CPU
	EndGlobalSection
	GlobalSection(ProjectConfigurationPlatforms) = postSolution
		{C6CEFD8F-0D6B-473E-81C3-8B292375BDFA}.Debug|Any CPU.ActiveCfg = Debug|Any CPU
		{C6CEFD8F-0D6B-473E-81C3-8B292375BDFA}.Debug|Any CPU.Build.0 = Debug|Any CPU
		{C6CEFD8F-0D6B-473E-81C3-8B292375BDFA}.Release|Any CPU.ActiveCfg = Release|Any CPU
		{C6CEFD8F-0D6B-473E-81C3-8B292375BDFA}.Release|Any CPU.Build.0 = Release|Any CPU
	EndGlobalSection
	GlobalSection(SolutionProperties) = preSolution
		HideSolutionNode = FALSE
	EndGlobalSection
	GlobalSection(ExtensibilityGlobals) = postSolution
		SolutionGuid = {0BFC83FC-5B66-4261-9B7C-FD0524AF3A36}
	EndGlobalSection
EndGlobal
